# @generated by Move, please check-in and do not edit manually.

[move]
version = 0
manifest_digest = "9C1128206362BDC0C7FFCFA9C52B359484E5A6BB0B436C8024C0E3CC8806F82E"
deps_digest = "F8BBB0CCB2491CA29A3DF03D6F92277A4F3574266507ACD77214D37ECA3F3082"

dependencies = [
  { name = "Sui" },
]

[[move.package]]
name = "MoveStdlib"
source = { git = "https://github.com/MystenLabs/sui.git", rev = "devnet", subdir = "crates/sui-framework/packages/move-stdlib" }

[[move.package]]
name = "Sui"
source = { git = "https://github.com/MystenLabs/sui.git", rev = "devnet", subdir = "crates/sui-framework/packages/sui-framework" }

dependencies = [
  { name = "MoveStdlib" },
]

[move.toolchain-version]
compiler-version = "1.24.1"
edition = "2024.beta"
flavor = "sui"

[env]

[env.testnet]
chain-id = "4c78adac"
original-published-id = "0x308cb19acc563ad8bee28674c64fedfc5c982a65f41385b7bea57d0dd5d01c8f"
latest-published-id = "0x308cb19acc563ad8bee28674c64fedfc5c982a65f41385b7bea57d0dd5d01c8f"
published-version = "1"
