# @generated by Move, please check-in and do not edit manually.

[move]
version = 3
manifest_digest = "052AA7A2AE52605AEB7CCA0D5010D9279473B25D818B7BE873DBCB89348000BD"
deps_digest = "F8BBB0CCB2491CA29A3DF03D6F92277A4F3574266507ACD77214D37ECA3F3082"

dependencies = [
  { id = "Sui", name = "Sui" },
]

[[move.package]]
id = "MoveStdlib"
source = { git = "https://gitee.com/MystenLabs/sui.git", rev = "framework/testnet", subdir = "crates/sui-framework/packages/move-stdlib" }

[[move.package]]
id = "Sui"
source = { git = "https://gitee.com/MystenLabs/sui.git", rev = "framework/testnet", subdir = "crates/sui-framework/packages/sui-framework" }

dependencies = [
  { id = "MoveStdlib", name = "MoveStdlib" },
]

[move.toolchain-version]
compiler-version = "1.38.1"
edition = "2024"
flavor = "sui"

[env]

[env.testnet]
chain-id = "4c78adac"
original-published-id = "0x97e291d294087b9acd4c42082ae70406409a733cacebce7553594a068d083a0c"
latest-published-id = "0x97e291d294087b9acd4c42082ae70406409a733cacebce7553594a068d083a0c"
published-version = "1"
