# @generated by Move, please check-in and do not edit manually.

[move]
version = 3
manifest_digest = "D042F94466B963D1E8237E98B25358918A56379053F8FC0595E502253419F823"
deps_digest = "3C4103934B1E040BB6B23F1D610B4EF9F2F1166A50A104EADCF77467C004C600"
dependencies = [
  { id = "CoinOwner", name = "CoinOwner" },
  { id = "Sui", name = "Sui" },
]

[[move.package]]
id = "CoinOwner"
source = { local = "../../../02_coin/code/02_coin_owner" }

dependencies = [
  { id = "Sui", name = "Sui" },
]

[[move.package]]
id = "MoveStdlib"
source = { git = "https://gitee.com/MystenLabs/sui.git", rev = "framework/testnet", subdir = "crates/sui-framework/packages/move-stdlib" }

[[move.package]]
id = "Sui"
source = { git = "https://gitee.com/MystenLabs/sui.git", rev = "framework/testnet", subdir = "crates/sui-framework/packages/sui-framework" }

dependencies = [
  { id = "MoveStdlib", name = "MoveStdlib" },
]

[move.toolchain-version]
compiler-version = "1.38.1"
edition = "2024.beta"
flavor = "sui"
